
Microsoft Visual Studio Solution File, Format Version 12.00
# Visual Studio Version 17
VisualStudioVersion = 17.3.32929.385
MinimumVisualStudioVersion = 10.0.40219.1
Project("{FAE04EC0-301F-11D3-BF4B-00C04F79EFBC}") = "TEST_ABC", "TEST_ABC\TEST_ABC.csproj", "{36EEA1A0-98E5-4026-BC39-ED69A12FED90}"
EndProject
Global
	GlobalSection(SolutionConfigurationPlatforms) = preSolution
		Debug|Any CPU = Debug|Any CPU
		Release|Any CPU = Release|Any CPU
	EndGlobalSection
	GlobalSection(ProjectConfigurationPlatforms) = postSolution
		{36EEA1A0-98E5-4026-BC39-ED69A12FED90}.Debug|Any CPU.ActiveCfg = Debug|Any CPU
		{36EEA1A0-98E5-4026-BC39-ED69A12FED90}.Debug|Any CPU.Build.0 = Debug|Any CPU
		{36EEA1A0-98E5-4026-BC39-ED69A12FED90}.Release|Any CPU.ActiveCfg = Release|Any CPU
		{36EEA1A0-98E5-4026-BC39-ED69A12FED90}.Release|Any CPU.Build.0 = Release|Any CPU
	EndGlobalSection
	GlobalSection(SolutionProperties) = preSolution
		HideSolutionNode = FALSE
	EndGlobalSection
	GlobalSection(ExtensibilityGlobals) = postSolution
		SolutionGuid = {5D187CBE-EB6F-4272-BBDF-F88536F9686C}
	EndGlobalSection
EndGlobal
